{
   "name": "test",
   "lockfileVersion": 2,
   "requires": true,
   "packages": {
      "": {
         "dependencies": {
            "@axel-hq/fddtsc": "file:..",
            "@axel-hq/foundatsion": "^0.6.1-rc"
         },
         "devDependencies": {
            "typescript": "^4.9.4"
         }
      },
      "..": {
         "name": "@axel-hq/fddtsc",
         "license": "Unlicense",
         "dependencies": {
            "typescript": "^4.9.4"
         },
         "bin": {
            "fddtsc": "fddtsc.js"
         },
         "devDependencies": {
            "@types/node": "^18.11.17",
            "@typescript-eslint/eslint-plugin": "^5.30.5",
            "@typescript-eslint/parser": "^5.30.5",
            "eslint": "^8.22.0"
         },
         "engines": {
            "node": ">=16"
         }
      },
      "node_modules/@axel-hq/fddtsc": {
         "resolved": "..",
         "link": true
      },
      "node_modules/@axel-hq/foundatsion": {
         "version": "0.6.1-rc",
         "resolved": "https://registry.npmjs.org/@axel-hq/foundatsion/-/foundatsion-0.6.1-rc.tgz",
         "integrity": "sha512-OKUqC8SaAgLFFFw+GCUSinjva3eJSSFyF2udgVtWJ5gjNoO9vgEyiqNlGJP3Hj+nF27WPGfnivVxsl9JQIxy6w==",
         "engines": {
            "node": ">=16"
         }
      },
      "node_modules/typescript": {
         "version": "4.9.4",
         "resolved": "https://registry.npmjs.org/typescript/-/typescript-4.9.4.tgz",
         "integrity": "sha512-Uz+dTXYzxXXbsFpM86Wh3dKCxrQqUcVMxwU54orwlJjOpO3ao8L7j5lH+dWfTwgCwIuM9GQ2kvVotzYJMXTBZg==",
         "dev": true,
         "bin": {
            "tsc": "bin/tsc",
            "tsserver": "bin/tsserver"
         },
         "engines": {
            "node": ">=4.2.0"
         }
      }
   },
   "dependencies": {
      "@axel-hq/fddtsc": {
         "version": "file:..",
         "requires": {
            "@types/node": "^18.11.17",
            "@typescript-eslint/eslint-plugin": "^5.30.5",
            "@typescript-eslint/parser": "^5.30.5",
            "eslint": "^8.22.0",
            "typescript": "^4.9.4"
         }
      },
      "@axel-hq/foundatsion": {
         "version": "0.6.1-rc",
         "resolved": "https://registry.npmjs.org/@axel-hq/foundatsion/-/foundatsion-0.6.1-rc.tgz",
         "integrity": "sha512-OKUqC8SaAgLFFFw+GCUSinjva3eJSSFyF2udgVtWJ5gjNoO9vgEyiqNlGJP3Hj+nF27WPGfnivVxsl9JQIxy6w=="
      },
      "typescript": {
         "version": "4.9.4",
         "resolved": "https://registry.npmjs.org/typescript/-/typescript-4.9.4.tgz",
         "integrity": "sha512-Uz+dTXYzxXXbsFpM86Wh3dKCxrQqUcVMxwU54orwlJjOpO3ao8L7j5lH+dWfTwgCwIuM9GQ2kvVotzYJMXTBZg==",
         "dev": true
      }
   }
}
